// !$*UTF8*$!
{
	archiveVersion = 1;
	classes = {
	};
	objectVersion = 50;
	objects = {

/* Begin PBXBuildFile section */
		658A300E2125EA3B006AA335 /* AppDelegate.swift in Sources */ = {isa = PBXBuildFile; fileRef = 658A300D2125EA3B006AA335 /* AppDelegate.swift */; };
		658A30102125EA3B006AA335 /* ViewController.swift in Sources */ = {isa = PBXBuildFile; fileRef = 658A300F2125EA3B006AA335 /* ViewController.swift */; };
		658A30132125EA3B006AA335 /* Main.storyboard in Resources */ = {isa = PBXBuildFile; fileRef = 658A30112125EA3B006AA335 /* Main.storyboard */; };
		658A30162125EA3B006AA335 /* TestRX.xcdatamodeld in Sources */ = {isa = PBXBuildFile; fileRef = 658A30142125EA3B006AA335 /* TestRX.xcdatamodeld */; };
		658A30182125EA3F006AA335 /* Assets.xcassets in Resources */ = {isa = PBXBuildFile; fileRef = 658A30172125EA3F006AA335 /* Assets.xcassets */; };
		658A301B2125EA3F006AA335 /* LaunchScreen.storyboard in Resources */ = {isa = PBXBuildFile; fileRef = 658A30192125EA3F006AA335 /* LaunchScreen.storyboard */; };
		658A30262125EA3F006AA335 /* TestRXTests.swift in Sources */ = {isa = PBXBuildFile; fileRef = 658A30252125EA3F006AA335 /* TestRXTests.swift */; };
		658A30312125EA3F006AA335 /* TestRXUITests.swift in Sources */ = {isa = PBXBuildFile; fileRef = 658A30302125EA3F006AA335 /* TestRXUITests.swift */; };
/* End PBXBuildFile section */

/* Begin PBXContainerItemProxy section */
		658A30222125EA3F006AA335 /* PBXContainerItemProxy */ = {
			isa = PBXContainerItemProxy;
			containerPortal = 658A30022125EA3B006AA335 /* Project object */;
			proxyType = 1;
			remoteGlobalIDString = 658A30092125EA3B006AA335;
			remoteInfo = TestRX;
		};
		658A302D2125EA3F006AA335 /* PBXContainerItemProxy */ = {
			isa = PBXContainerItemProxy;
			containerPortal = 658A30022125EA3B006AA335 /* Project object */;
			proxyType = 1;
			remoteGlobalIDString = 658A30092125EA3B006AA335;
			remoteInfo = TestRX;
		};
/* End PBXContainerItemProxy section */

/* Begin PBXFileReference section */
		658A300A2125EA3B006AA335 /* TestRX.app */ = {isa = PBXFileReference; explicitFileType = wrapper.application; includeInIndex = 0; path = TestRX.app; sourceTree = BUILT_PRODUCTS_DIR; };
		658A300D2125EA3B006AA335 /* AppDelegate.swift */ = {isa = PBXFileReference; lastKnownFileType = sourcecode.swift; path = AppDelegate.swift; sourceTree = "<group>"; };
		658A300F2125EA3B006AA335 /* ViewController.swift */ = {isa = PBXFileReference; lastKnownFileType = sourcecode.swift; path = ViewController.swift; sourceTree = "<group>"; };
		658A30122125EA3B006AA335 /* Base */ = {isa = PBXFileReference; lastKnownFileType = file.storyboard; name = Base; path = Base.lproj/Main.storyboard; sourceTree = "<group>"; };
		658A30152125EA3B006AA335 /* TestRX.xcdatamodel */ = {isa = PBXFileReference; lastKnownFileType = wrapper.xcdatamodel; path = TestRX.xcdatamodel; sourceTree = "<group>"; };
		658A30172125EA3F006AA335 /* Assets.xcassets */ = {isa = PBXFileReference; lastKnownFileType = folder.assetcatalog; path = Assets.xcassets; sourceTree = "<group>"; };
		658A301A2125EA3F006AA335 /* Base */ = {isa = PBXFileReference; lastKnownFileType = file.storyboard; name = Base; path = Base.lproj/LaunchScreen.storyboard; sourceTree = "<group>"; };
		658A301C2125EA3F006AA335 /* Info.plist */ = {isa = PBXFileReference; lastKnownFileType = text.plist.xml; path = Info.plist; sourceTree = "<group>"; };
		658A30212125EA3F006AA335 /* TestRXTests.xctest */ = {isa = PBXFileReference; explicitFileType = wrapper.cfbundle; includeInIndex = 0; path = TestRXTests.xctest; sourceTree = BUILT_PRODUCTS_DIR; };
		658A30252125EA3F006AA335 /* TestRXTests.swift */ = {isa = PBXFileReference; lastKnownFileType = sourcecode.swift; path = TestRXTests.swift; sourceTree = "<group>"; };
		658A30272125EA3F006AA335 /* Info.plist */ = {isa = PBXFileReference; lastKnownFileType = text.plist.xml; path = Info.plist; sourceTree = "<group>"; };
		658A302C2125EA3F006AA335 /* TestRXUITests.xctest */ = {isa = PBXFileReference; explicitFileType = wrapper.cfbundle; includeInIndex = 0; path = TestRXUITests.xctest; sourceTree = BUILT_PRODUCTS_DIR; };
		658A30302125EA3F006AA335 /* TestRXUITests.swift */ = {isa = PBXFileReference; lastKnownFileType = sourcecode.swift; path = TestRXUITests.swift; sourceTree = "<group>"; };
		658A30322125EA3F006AA335 /* Info.plist */ = {isa = PBXFileReference; lastKnownFileType = text.plist.xml; path = Info.plist; sourceTree = "<group>"; };
/* End PBXFileReference section */

/* Begin PBXFrameworksBuildPhase section */
		658A30072125EA3B006AA335 /* Frameworks */ = {
			isa = PBXFrameworksBuildPhase;
			buildActionMask = 2147483647;
			files = (
			);
			runOnlyForDeploymentPostprocessing = 0;
		};
		658A301E2125EA3F006AA335 /* Frameworks */ = {
			isa = PBXFrameworksBuildPhase;
			buildActionMask = 2147483647;
			files = (
			);
			runOnlyForDeploymentPostprocessing = 0;
		};
		658A30292125EA3F006AA335 /* Frameworks */ = {
			isa = PBXFrameworksBuildPhase;
			buildActionMask = 2147483647;
			files = (
			);
			runOnlyForDeploymentPostprocessing = 0;
		};
/* End PBXFrameworksBuildPhase section */

/* Begin PBXGroup section */
		658A30012125EA3B006AA335 = {
			isa = PBXGroup;
			children = (
				658A300C2125EA3B006AA335 /* TestRX */,
				658A30242125EA3F006AA335 /* TestRXTests */,
				658A302F2125EA3F006AA335 /* TestRXUITests */,
				658A300B2125EA3B006AA335 /* Products */,
			);
			sourceTree = "<group>";
		};
		658A300B2125EA3B006AA335 /* Products */ = {
			isa = PBXGroup;
			children = (
				658A300A2125EA3B006AA335 /* TestRX.app */,
				658A30212125EA3F006AA335 /* TestRXTests.xctest */,
				658A302C2125EA3F006AA335 /* TestRXUITests.xctest */,
			);
			name = Products;
			sourceTree = "<group>";
		};
		658A300C2125EA3B006AA335 /* TestRX */ = {
			isa = PBXGroup;
			children = (
				658A300D2125EA3B006AA335 /* AppDelegate.swift */,
				658A300F2125EA3B006AA335 /* ViewController.swift */,
				658A30112125EA3B006AA335 /* Main.storyboard */,
				658A30172125EA3F006AA335 /* Assets.xcassets */,
				658A30192125EA3F006AA335 /* LaunchScreen.storyboard */,
				658A301C2125EA3F006AA335 /* Info.plist */,
				658A30142125EA3B006AA335 /* TestRX.xcdatamodeld */,
			);
			path = TestRX;
			sourceTree = "<group>";
		};
		658A30242125EA3F006AA335 /* TestRXTests */ = {
			isa = PBXGroup;
			children = (
				658A30252125EA3F006AA335 /* TestRXTests.swift */,
				658A30272125EA3F006AA335 /* Info.plist */,
			);
			path = TestRXTests;
			sourceTree = "<group>";
		};
		658A302F2125EA3F006AA335 /* TestRXUITests */ = {
			isa = PBXGroup;
			children = (
				658A30302125EA3F006AA335 /* TestRXUITests.swift */,
				658A30322125EA3F006AA335 /* Info.plist */,
			);
			path = TestRXUITests;
			sourceTree = "<group>";
		};
/* End PBXGroup section */

/* Begin PBXNativeTarget section */
		658A30092125EA3B006AA335 /* TestRX */ = {
			isa = PBXNativeTarget;
			buildConfigurationList = 658A30352125EA3F006AA335 /* Build configuration list for PBXNativeTarget "TestRX" */;
			buildPhases = (
				658A30062125EA3B006AA335 /* Sources */,
				658A30072125EA3B006AA335 /* Frameworks */,
				658A30082125EA3B006AA335 /* Resources */,
			);
			buildRules = (
			);
			dependencies = (
			);
			name = TestRX;
			productName = TestRX;
			productReference = 658A300A2125EA3B006AA335 /* TestRX.app */;
			productType = "com.apple.product-type.application";
		};
		658A30202125EA3F006AA335 /* TestRXTests */ = {
			isa = PBXNativeTarget;
			buildConfigurationList = 658A30382125EA3F006AA335 /* Build configuration list for PBXNativeTarget "TestRXTests" */;
			buildPhases = (
				658A301D2125EA3F006AA335 /* Sources */,
				658A301E2125EA3F006AA335 /* Frameworks */,
				658A301F2125EA3F006AA335 /* Resources */,
			);
			buildRules = (
			);
			dependencies = (
				658A30232125EA3F006AA335 /* PBXTargetDependency */,
			);
			name = TestRXTests;
			productName = TestRXTests;
			productReference = 658A30212125EA3F006AA335 /* TestRXTests.xctest */;
			productType = "com.apple.product-type.bundle.unit-test";
		};
		658A302B2125EA3F006AA335 /* TestRXUITests */ = {
			isa = PBXNativeTarget;
			buildConfigurationList = 658A303B2125EA3F006AA335 /* Build configuration list for PBXNativeTarget "TestRXUITests" */;
			buildPhases = (
				658A30282125EA3F006AA335 /* Sources */,
				658A30292125EA3F006AA335 /* Frameworks */,
				658A302A2125EA3F006AA335 /* Resources */,
			);
			buildRules = (
			);
			dependencies = (
				658A302E2125EA3F006AA335 /* PBXTargetDependency */,
			);
			name = TestRXUITests;
			productName = TestRXUITests;
			productReference = 658A302C2125EA3F006AA335 /* TestRXUITests.xctest */;
			productType = "com.apple.product-type.bundle.ui-testing";
		};
/* End PBXNativeTarget section */

/* Begin PBXProject section */
		658A30022125EA3B006AA335 /* Project object */ = {
			isa = PBXProject;
			attributes = {
				LastSwiftUpdateCheck = 0930;
				LastUpgradeCheck = 0930;
				ORGANIZATIONNAME = "Daniel Freitas";
				TargetAttributes = {
					658A30092125EA3B006AA335 = {
						CreatedOnToolsVersion = 9.3.1;
					};
					658A30202125EA3F006AA335 = {
						CreatedOnToolsVersion = 9.3.1;
						TestTargetID = 658A30092125EA3B006AA335;
					};
					658A302B2125EA3F006AA335 = {
						CreatedOnToolsVersion = 9.3.1;
						TestTargetID = 658A30092125EA3B006AA335;
					};
				};
			};
			buildConfigurationList = 658A30052125EA3B006AA335 /* Build configuration list for PBXProject "TestRX" */;
			compatibilityVersion = "Xcode 9.3";
			developmentRegion = en;
			hasScannedForEncodings = 0;
			knownRegions = (
				en,
				Base,
			);
			mainGroup = 658A30012125EA3B006AA335;
			productRefGroup = 658A300B2125EA3B006AA335 /* Products */;
			projectDirPath = "";
			projectRoot = "";
			targets = (
				658A30092125EA3B006AA335 /* TestRX */,
				658A30202125EA3F006AA335 /* TestRXTests */,
				658A302B2125EA3F006AA335 /* TestRXUITests */,
			);
		};
/* End PBXProject section */

/* Begin PBXResourcesBuildPhase section */
		658A30082125EA3B006AA335 /* Resources */ = {
			isa = PBXResourcesBuildPhase;
			buildActionMask = 2147483647;
			files = (
				658A301B2125EA3F006AA335 /* LaunchScreen.storyboard in Resources */,
				658A30182125EA3F006AA335 /* Assets.xcassets in Resources */,
				658A30132125EA3B006AA335 /* Main.storyboard in Resources */,
			);
			runOnlyForDeploymentPostprocessing = 0;
		};
		658A301F2125EA3F006AA335 /* Resources */ = {
			isa = PBXResourcesBuildPhase;
			buildActionMask = 2147483647;
			files = (
			);
			runOnlyForDeploymentPostprocessing = 0;
		};
		658A302A2125EA3F006AA335 /* Resources */ = {
			isa = PBXResourcesBuildPhase;
			buildActionMask = 2147483647;
			files = (
			);
			runOnlyForDeploymentPostprocessing = 0;
		};
/* End PBXResourcesBuildPhase section */

/* Begin PBXSourcesBuildPhase section */
		658A30062125EA3B006AA335 /* Sources */ = {
			isa = PBXSourcesBuildPhase;
			buildActionMask = 2147483647;
			files = (
				658A30162125EA3B006AA335 /* TestRX.xcdatamodeld in Sources */,
				658A30102125EA3B006AA335 /* ViewController.swift in Sources */,
				658A300E2125EA3B006AA335 /* AppDelegate.swift in Sources */,
			);
			runOnlyForDeploymentPostprocessing = 0;
		};
		658A301D2125EA3F006AA335 /* Sources */ = {
			isa = PBXSourcesBuildPhase;
			buildActionMask = 2147483647;
			files = (
				658A30262125EA3F006AA335 /* TestRXTests.swift in Sources */,
			);
			runOnlyForDeploymentPostprocessing = 0;
		};
		658A30282125EA3F006AA335 /* Sources */ = {
			isa = PBXSourcesBuildPhase;
			buildActionMask = 2147483647;
			files = (
				658A30312125EA3F006AA335 /* TestRXUITests.swift in Sources */,
			);
			runOnlyForDeploymentPostprocessing = 0;
		};
/* End PBXSourcesBuildPhase section */

/* Begin PBXTargetDependency section */
		658A30232125EA3F006AA335 /* PBXTargetDependency */ = {
			isa = PBXTargetDependency;
			target = 658A30092125EA3B006AA335 /* TestRX */;
			targetProxy = 658A30222125EA3F006AA335 /* PBXContainerItemProxy */;
		};
		658A302E2125EA3F006AA335 /* PBXTargetDependency */ = {
			isa = PBXTargetDependency;
			target = 658A30092125EA3B006AA335 /* TestRX */;
			targetProxy = 658A302D2125EA3F006AA335 /* PBXContainerItemProxy */;
		};
/* End PBXTargetDependency section */

/* Begin PBXVariantGroup section */
		658A30112125EA3B006AA335 /* Main.storyboard */ = {
			isa = PBXVariantGroup;
			children = (
				658A30122125EA3B006AA335 /* Base */,
			);
			name = Main.storyboard;
			sourceTree = "<group>";
		};
		658A30192125EA3F006AA335 /* LaunchScreen.storyboard */ = {
			isa = PBXVariantGroup;
			children = (
				658A301A2125EA3F006AA335 /* Base */,
			);
			name = LaunchScreen.storyboard;
			sourceTree = "<group>";
		};
/* End PBXVariantGroup section */

/* Begin XCBuildConfiguration section */
		658A30332125EA3F006AA335 /* Debug */ = {
			isa = XCBuildConfiguration;
			buildSettings = {
				ALWAYS_SEARCH_USER_PATHS = NO;
				CLANG_ANALYZER_NONNULL = YES;
				CLANG_ANALYZER_NUMBER_OBJECT_CONVERSION = YES_AGGRESSIVE;
				CLANG_CXX_LANGUAGE_STANDARD = "gnu++14";
				CLANG_CXX_LIBRARY = "libc++";
				CLANG_ENABLE_MODULES = YES;
				CLANG_ENABLE_OBJC_ARC = YES;
				CLANG_ENABLE_OBJC_WEAK = YES;
				CLANG_WARN_BLOCK_CAPTURE_AUTORELEASING = YES;
				CLANG_WARN_BOOL_CONVERSION = YES;
				CLANG_WARN_COMMA = YES;
				CLANG_WARN_CONSTANT_CONVERSION = YES;
				CLANG_WARN_DEPRECATED_OBJC_IMPLEMENTATIONS = YES;
				CLANG_WARN_DIRECT_OBJC_ISA_USAGE = YES_ERROR;
				CLANG_WARN_DOCUMENTATION_COMMENTS = YES;
				CLANG_WARN_EMPTY_BODY = YES;
				CLANG_WARN_ENUM_CONVERSION = YES;
				CLANG_WARN_INFINITE_RECURSION = YES;
				CLANG_WARN_INT_CONVERSION = YES;
				CLANG_WARN_NON_LITERAL_NULL_CONVERSION = YES;
				CLANG_WARN_OBJC_IMPLICIT_RETAIN_SELF = YES;
				CLANG_WARN_OBJC_LITERAL_CONVERSION = YES;
				CLANG_WARN_OBJC_ROOT_CLASS = YES_ERROR;
				CLANG_WARN_RANGE_LOOP_ANALYSIS = YES;
				CLANG_WARN_STRICT_PROTOTYPES = YES;
				CLANG_WARN_SUSPICIOUS_MOVE = YES;
				CLANG_WARN_UNGUARDED_AVAILABILITY = YES_AGGRESSIVE;
				CLANG_WARN_UNREACHABLE_CODE = YES;
				CLANG_WARN__DUPLICATE_METHOD_MATCH = YES;
				CODE_SIGN_IDENTITY = "iPhone Developer";
				COPY_PHASE_STRIP = NO;
				DEBUG_INFORMATION_FORMAT = dwarf;
				ENABLE_STRICT_OBJC_MSGSEND = YES;
				ENABLE_TESTABILITY = YES;
				GCC_C_LANGUAGE_STANDARD = gnu11;
				GCC_DYNAMIC_NO_PIC = NO;
				GCC_NO_COMMON_BLOCKS = YES;
				GCC_OPTIMIZATION_LEVEL = 0;
				GCC_PREPROCESSOR_DEFINITIONS = (
					"DEBUG=1",
					"$(inherited)",
				);
				GCC_WARN_64_TO_32_BIT_CONVERSION = YES;
				GCC_WARN_ABOUT_RETURN_TYPE = YES_ERROR;
				GCC_WARN_UNDECLARED_SELECTOR = YES;
				GCC_WARN_UNINITIALIZED_AUTOS = YES_AGGRESSIVE;
				GCC_WARN_UNUSED_FUNCTION = YES;
				GCC_WARN_UNUSED_VARIABLE = YES;
				IPHONEOS_DEPLOYMENT_TARGET = 11.3;
				MTL_ENABLE_DEBUG_INFO = YES;
				ONLY_ACTIVE_ARCH = YES;
				SDKROOT = iphoneos;
				SWIFT_ACTIVE_COMPILATION_CONDITIONS = DEBUG;
				SWIFT_OPTIMIZATION_LEVEL = "-Onone";
			};
			name = Debug;
		};
		658A30342125EA3F006AA335 /* Release */ = {
			isa = XCBuildConfiguration;
			buildSettings = {
				ALWAYS_SEARCH_USER_PATHS = NO;
				CLANG_ANALYZER_NONNULL = YES;
				CLANG_ANALYZER_NUMBER_OBJECT_CONVERSION = YES_AGGRESSIVE;
				CLANG_CXX_LANGUAGE_STANDARD = "gnu++14";
				CLANG_CXX_LIBRARY = "libc++";
				CLANG_ENABLE_MODULES = YES;
				CLANG_ENABLE_OBJC_ARC = YES;
				CLANG_ENABLE_OBJC_WEAK = YES;
				CLANG_WARN_BLOCK_CAPTURE_AUTORELEASING = YES;
				CLANG_WARN_BOOL_CONVERSION = YES;
				CLANG_WARN_COMMA = YES;
				CLANG_WARN_CONSTANT_CONVERSION = YES;
				CLANG_WARN_DEPRECATED_OBJC_IMPLEMENTATIONS = YES;
				CLANG_WARN_DIRECT_OBJC_ISA_USAGE = YES_ERROR;
				CLANG_WARN_DOCUMENTATION_COMMENTS = YES;
				CLANG_WARN_EMPTY_BODY = YES;
				CLANG_WARN_ENUM_CONVERSION = YES;
				CLANG_WARN_INFINITE_RECURSION = YES;
				CLANG_WARN_INT_CONVERSION = YES;
				CLANG_WARN_NON_LITERAL_NULL_CONVERSION = YES;
				CLANG_WARN_OBJC_IMPLICIT_RETAIN_SELF = YES;
				CLANG_WARN_OBJC_LITERAL_CONVERSION = YES;
				CLANG_WARN_OBJC_ROOT_CLASS = YES_ERROR;
				CLANG_WARN_RANGE_LOOP_ANALYSIS = YES;
				CLANG_WARN_STRICT_PROTOTYPES = YES;
				CLANG_WARN_SUSPICIOUS_MOVE = YES;
				CLANG_WARN_UNGUARDED_AVAILABILITY = YES_AGGRESSIVE;
				CLANG_WARN_UNREACHABLE_CODE = YES;
				CLANG_WARN__DUPLICATE_METHOD_MATCH = YES;
				CODE_SIGN_IDENTITY = "iPhone Developer";
				COPY_PHASE_STRIP = NO;
				DEBUG_INFORMATION_FORMAT = "dwarf-with-dsym";
				ENABLE_NS_ASSERTIONS = NO;
				ENABLE_STRICT_OBJC_MSGSEND = YES;
				GCC_C_LANGUAGE_STANDARD = gnu11;
				GCC_NO_COMMON_BLOCKS = YES;
				GCC_WARN_64_TO_32_BIT_CONVERSION = YES;
				GCC_WARN_ABOUT_RETURN_TYPE = YES_ERROR;
				GCC_WARN_UNDECLARED_SELECTOR = YES;
				GCC_WARN_UNINITIALIZED_AUTOS = YES_AGGRESSIVE;
				GCC_WARN_UNUSED_FUNCTION = YES;
				GCC_WARN_UNUSED_VARIABLE = YES;
				IPHONEOS_DEPLOYMENT_TARGET = 11.3;
				MTL_ENABLE_DEBUG_INFO = NO;
				SDKROOT = iphoneos;
				SWIFT_COMPILATION_MODE = wholemodule;
				SWIFT_OPTIMIZATION_LEVEL = "-O";
				VALIDATE_PRODUCT = YES;
			};
			name = Release;
		};
		658A30362125EA3F006AA335 /* Debug */ = {
			isa = XCBuildConfiguration;
			buildSettings = {
				ASSETCATALOG_COMPILER_APPICON_NAME = AppIcon;
				CODE_SIGN_STYLE = Automatic;
				DEVELOPMENT_TEAM = XHUAQ8SXGH;
				INFOPLIST_FILE = TestRX/Info.plist;
				LD_RUNPATH_SEARCH_PATHS = (
					"$(inherited)",
					"@executable_path/Frameworks",
				);
				PRODUCT_BUNDLE_IDENTIFIER = com.dani.TestRX;
				PRODUCT_NAME = "$(TARGET_NAME)";
				SWIFT_VERSION = 4.0;
				TARGETED_DEVICE_FAMILY = "1,2";
			};
			name = Debug;
		};
		658A30372125EA3F006AA335 /* Release */ = {
			isa = XCBuildConfiguration;
			buildSettings = {
				ASSETCATALOG_COMPILER_APPICON_NAME = AppIcon;
				CODE_SIGN_STYLE = Automatic;
				DEVELOPMENT_TEAM = XHUAQ8SXGH;
				INFOPLIST_FILE = TestRX/Info.plist;
				LD_RUNPATH_SEARCH_PATHS = (
					"$(inherited)",
					"@executable_path/Frameworks",
				);
				PRODUCT_BUNDLE_IDENTIFIER = com.dani.TestRX;
				PRODUCT_NAME = "$(TARGET_NAME)";
				SWIFT_VERSION = 4.0;
				TARGETED_DEVICE_FAMILY = "1,2";
			};
			name = Release;
		};
		658A30392125EA3F006AA335 /* Debug */ = {
			isa = XCBuildConfiguration;
			buildSettings = {
				ALWAYS_EMBED_SWIFT_STANDARD_LIBRARIES = YES;
				BUNDLE_LOADER = "$(TEST_HOST)";
				CODE_SIGN_STYLE = Automatic;
				DEVELOPMENT_TEAM = XHUAQ8SXGH;
				INFOPLIST_FILE = TestRXTests/Info.plist;
				LD_RUNPATH_SEARCH_PATHS = (
					"$(inherited)",
					"@executable_path/Frameworks",
					"@loader_path/Frameworks",
				);
				PRODUCT_BUNDLE_IDENTIFIER = com.dani.TestRXTests;
				PRODUCT_NAME = "$(TARGET_NAME)";
				SWIFT_VERSION = 4.0;
				TARGETED_DEVICE_FAMILY = "1,2";
				TEST_HOST = "$(BUILT_PRODUCTS_DIR)/TestRX.app/TestRX";
			};
			name = Debug;
		};
		658A303A2125EA3F006AA335 /* Release */ = {
			isa = XCBuildConfiguration;
			buildSettings = {
				ALWAYS_EMBED_SWIFT_STANDARD_LIBRARIES = YES;
				BUNDLE_LOADER = "$(TEST_HOST)";
				CODE_SIGN_STYLE = Automatic;
				DEVELOPMENT_TEAM = XHUAQ8SXGH;
				INFOPLIST_FILE = TestRXTests/Info.plist;
				LD_RUNPATH_SEARCH_PATHS = (
					"$(inherited)",
					"@executable_path/Frameworks",
					"@loader_path/Frameworks",
				);
				PRODUCT_BUNDLE_IDENTIFIER = com.dani.TestRXTests;
				PRODUCT_NAME = "$(TARGET_NAME)";
				SWIFT_VERSION = 4.0;
				TARGETED_DEVICE_FAMILY = "1,2";
				TEST_HOST = "$(BUILT_PRODUCTS_DIR)/TestRX.app/TestRX";
			};
			name = Release;
		};
		658A303C2125EA3F006AA335 /* Debug */ = {
			isa = XCBuildConfiguration;
			buildSettings = {
				ALWAYS_EMBED_SWIFT_STANDARD_LIBRARIES = YES;
				CODE_SIGN_STYLE = Automatic;
				DEVELOPMENT_TEAM = XHUAQ8SXGH;
				INFOPLIST_FILE = TestRXUITests/Info.plist;
				LD_RUNPATH_SEARCH_PATHS = (
					"$(inherited)",
					"@executable_path/Frameworks",
					"@loader_path/Frameworks",
				);
				PRODUCT_BUNDLE_IDENTIFIER = com.dani.TestRXUITests;
				PRODUCT_NAME = "$(TARGET_NAME)";
				SWIFT_VERSION = 4.0;
				TARGETED_DEVICE_FAMILY = "1,2";
				TEST_TARGET_NAME = TestRX;
			};
			name = Debug;
		};
		658A303D2125EA3F006AA335 /* Release */ = {
			isa = XCBuildConfiguration;
			buildSettings = {
				ALWAYS_EMBED_SWIFT_STANDARD_LIBRARIES = YES;
				CODE_SIGN_STYLE = Automatic;
				DEVELOPMENT_TEAM = XHUAQ8SXGH;
				INFOPLIST_FILE = TestRXUITests/Info.plist;
				LD_RUNPATH_SEARCH_PATHS = (
					"$(inherited)",
					"@executable_path/Frameworks",
					"@loader_path/Frameworks",
				);
				PRODUCT_BUNDLE_IDENTIFIER = com.dani.TestRXUITests;
				PRODUCT_NAME = "$(TARGET_NAME)";
				SWIFT_VERSION = 4.0;
				TARGETED_DEVICE_FAMILY = "1,2";
				TEST_TARGET_NAME = TestRX;
			};
			name = Release;
		};
/* End XCBuildConfiguration section */

/* Begin XCConfigurationList section */
		658A30052125EA3B006AA335 /* Build configuration list for PBXProject "TestRX" */ = {
			isa = XCConfigurationList;
			buildConfigurations = (
				658A30332125EA3F006AA335 /* Debug */,
				658A30342125EA3F006AA335 /* Release */,
			);
			defaultConfigurationIsVisible = 0;
			defaultConfigurationName = Release;
		};
		658A30352125EA3F006AA335 /* Build configuration list for PBXNativeTarget "TestRX" */ = {
			isa = XCConfigurationList;
			buildConfigurations = (
				658A30362125EA3F006AA335 /* Debug */,
				658A30372125EA3F006AA335 /* Release */,
			);
			defaultConfigurationIsVisible = 0;
			defaultConfigurationName = Release;
		};
		658A30382125EA3F006AA335 /* Build configuration list for PBXNativeTarget "TestRXTests" */ = {
			isa = XCConfigurationList;
			buildConfigurations = (
				658A30392125EA3F006AA335 /* Debug */,
				658A303A2125EA3F006AA335 /* Release */,
			);
			defaultConfigurationIsVisible = 0;
			defaultConfigurationName = Release;
		};
		658A303B2125EA3F006AA335 /* Build configuration list for PBXNativeTarget "TestRXUITests" */ = {
			isa = XCConfigurationList;
			buildConfigurations = (
				658A303C2125EA3F006AA335 /* Debug */,
				658A303D2125EA3F006AA335 /* Release */,
			);
			defaultConfigurationIsVisible = 0;
			defaultConfigurationName = Release;
		};
/* End XCConfigurationList section */

/* Begin XCVersionGroup section */
		658A30142125EA3B006AA335 /* TestRX.xcdatamodeld */ = {
			isa = XCVersionGroup;
			children = (
				658A30152125EA3B006AA335 /* TestRX.xcdatamodel */,
			);
			currentVersion = 658A30152125EA3B006AA335 /* TestRX.xcdatamodel */;
			path = TestRX.xcdatamodeld;
			sourceTree = "<group>";
			versionGroupType = wrapper.xcdatamodel;
		};
/* End XCVersionGroup section */
	};
	rootObject = 658A30022125EA3B006AA335 /* Project object */;
}
